PODS:
  - SwiftyJSON (2.3.2)

DEPENDENCIES:
  - SwiftyJSON (from `https://github.com/BaiduHiDeviOS/SwiftyJSON.git`, branch `swift3`)

EXTERNAL SOURCES:
  SwiftyJSON:
    :branch: swift3
    :git: https://github.com/BaiduHiDeviOS/SwiftyJSON.git

CHECKOUT OPTIONS:
  SwiftyJSON:
    :commit: de5dc3b1b421805769590d331178551bbb0e5733
    :git: https://github.com/BaiduHiDeviOS/SwiftyJSON.git

SPEC CHECKSUMS:
  SwiftyJSON: 6118fb49d7519c4d31a0c1f3d5af936e9047b556

PODFILE CHECKSUM: 4820b2ca19d4495dff6256203ba63021dc5fabd5

COCOAPODS: 1.0.1
